// !$*UTF8*$!
{
	archiveVersion = 1;
	classes = {
	};
	objectVersion = 50;
	objects = {

/* Begin PBXBuildFile section */
		3A2BE85B23EB14410040E1AC /* AppDelegate.swift in Sources */ = {isa = PBXBuildFile; fileRef = 3A2BE85A23EB14410040E1AC /* AppDelegate.swift */; };
		3A2BE85D23EB14410040E1AC /* SceneDelegate.swift in Sources */ = {isa = PBXBuildFile; fileRef = 3A2BE85C23EB14410040E1AC /* SceneDelegate.swift */; };
		3A2BE86223EB14410040E1AC /* Main.storyboard in Resources */ = {isa = PBXBuildFile; fileRef = 3A2BE86023EB14410040E1AC /* Main.storyboard */; };
		3A2BE86423EB14420040E1AC /* Assets.xcassets in Resources */ = {isa = PBXBuildFile; fileRef = 3A2BE86323EB14420040E1AC /* Assets.xcassets */; };
		3A2BE86723EB14420040E1AC /* LaunchScreen.storyboard in Resources */ = {isa = PBXBuildFile; fileRef = 3A2BE86523EB14420040E1AC /* LaunchScreen.storyboard */; };
		3A2BE86F23EB4D220040E1AC /* TodoListViewController.swift in Sources */ = {isa = PBXBuildFile; fileRef = 3A2BE86E23EB4D220040E1AC /* TodoListViewController.swift */; };
		3A2BE87123EC5F130040E1AC /* TODODETAILSTableViewController.swift in Sources */ = {isa = PBXBuildFile; fileRef = 3A2BE87023EC5F130040E1AC /* TODODETAILSTableViewController.swift */; };
		3A325F23240771E2007FB46F /* ListTableViewCell.swift in Sources */ = {isa = PBXBuildFile; fileRef = 3A325F22240771E2007FB46F /* ListTableViewCell.swift */; };
		3A512E4923F0C04100E26736 /* todoItem.swift in Sources */ = {isa = PBXBuildFile; fileRef = 3A512E4823F0C04100E26736 /* todoItem.swift */; };
/* End PBXBuildFile section */

/* Begin PBXFileReference section */
		3A2BE85723EB14410040E1AC /* todolist.app */ = {isa = PBXFileReference; explicitFileType = wrapper.application; includeInIndex = 0; path = todolist.app; sourceTree = BUILT_PRODUCTS_DIR; };
		3A2BE85A23EB14410040E1AC /* AppDelegate.swift */ = {isa = PBXFileReference; lastKnownFileType = sourcecode.swift; path = AppDelegate.swift; sourceTree = "<group>"; };
		3A2BE85C23EB14410040E1AC /* SceneDelegate.swift */ = {isa = PBXFileReference; lastKnownFileType = sourcecode.swift; path = SceneDelegate.swift; sourceTree = "<group>"; };
		3A2BE86123EB14410040E1AC /* Base */ = {isa = PBXFileReference; lastKnownFileType = file.storyboard; name = Base; path = Base.lproj/Main.storyboard; sourceTree = "<group>"; };
		3A2BE86323EB14420040E1AC /* Assets.xcassets */ = {isa = PBXFileReference; lastKnownFileType = folder.assetcatalog; path = Assets.xcassets; sourceTree = "<group>"; };
		3A2BE86623EB14420040E1AC /* Base */ = {isa = PBXFileReference; lastKnownFileType = file.storyboard; name = Base; path = Base.lproj/LaunchScreen.storyboard; sourceTree = "<group>"; };
		3A2BE86823EB14420040E1AC /* Info.plist */ = {isa = PBXFileReference; lastKnownFileType = text.plist.xml; path = Info.plist; sourceTree = "<group>"; };
		3A2BE86E23EB4D220040E1AC /* TodoListViewController.swift */ = {isa = PBXFileReference; lastKnownFileType = sourcecode.swift; path = TodoListViewController.swift; sourceTree = "<group>"; };
		3A2BE87023EC5F130040E1AC /* TODODETAILSTableViewController.swift */ = {isa = PBXFileReference; lastKnownFileType = sourcecode.swift; path = TODODETAILSTableViewController.swift; sourceTree = "<group>"; };
		3A325F22240771E2007FB46F /* ListTableViewCell.swift */ = {isa = PBXFileReference; lastKnownFileType = sourcecode.swift; path = ListTableViewCell.swift; sourceTree = "<group>"; };
		3A512E4823F0C04100E26736 /* todoItem.swift */ = {isa = PBXFileReference; lastKnownFileType = sourcecode.swift; path = todoItem.swift; sourceTree = "<group>"; };
/* End PBXFileReference section */

/* Begin PBXFrameworksBuildPhase section */
		3A2BE85423EB14410040E1AC /* Frameworks */ = {
			isa = PBXFrameworksBuildPhase;
			buildActionMask = 2147483647;
			files = (
			);
			runOnlyForDeploymentPostprocessing = 0;
		};
/* End PBXFrameworksBuildPhase section */

/* Begin PBXGroup section */
		3A2BE84E23EB14410040E1AC = {
			isa = PBXGroup;
			children = (
				3A2BE85923EB14410040E1AC /* todolist */,
				3A2BE85823EB14410040E1AC /* Products */,
			);
			sourceTree = "<group>";
		};
		3A2BE85823EB14410040E1AC /* Products */ = {
			isa = PBXGroup;
			children = (
				3A2BE85723EB14410040E1AC /* todolist.app */,
			);
			name = Products;
			sourceTree = "<group>";
		};
		3A2BE85923EB14410040E1AC /* todolist */ = {
			isa = PBXGroup;
			children = (
				3A2BE85A23EB14410040E1AC /* AppDelegate.swift */,
				3A2BE85C23EB14410040E1AC /* SceneDelegate.swift */,
				3A2BE86E23EB4D220040E1AC /* TodoListViewController.swift */,
				3A512E4823F0C04100E26736 /* todoItem.swift */,
				3A2BE86023EB14410040E1AC /* Main.storyboard */,
				3A2BE87023EC5F130040E1AC /* TODODETAILSTableViewController.swift */,
				3A325F22240771E2007FB46F /* ListTableViewCell.swift */,
				3A2BE86323EB14420040E1AC /* Assets.xcassets */,
				3A2BE86523EB14420040E1AC /* LaunchScreen.storyboard */,
				3A2BE86823EB14420040E1AC /* Info.plist */,
			);
			path = todolist;
			sourceTree = "<group>";
		};
/* End PBXGroup section */

/* Begin PBXNativeTarget section */
		3A2BE85623EB14410040E1AC /* todolist */ = {
			isa = PBXNativeTarget;
			buildConfigurationList = 3A2BE86B23EB14420040E1AC /* Build configuration list for PBXNativeTarget "todolist" */;
			buildPhases = (
				3A2BE85323EB14410040E1AC /* Sources */,
				3A2BE85423EB14410040E1AC /* Frameworks */,
				3A2BE85523EB14410040E1AC /* Resources */,
			);
			buildRules = (
			);
			dependencies = (
			);
			name = todolist;
			productName = todolist;
			productReference = 3A2BE85723EB14410040E1AC /* todolist.app */;
			productType = "com.apple.product-type.application";
		};
/* End PBXNativeTarget section */

/* Begin PBXProject section */
		3A2BE84F23EB14410040E1AC /* Project object */ = {
			isa = PBXProject;
			attributes = {
				LastSwiftUpdateCheck = 1130;
				LastUpgradeCheck = 1130;
				ORGANIZATIONNAME = "Huiyi Victoria Lyu";
				TargetAttributes = {
					3A2BE85623EB14410040E1AC = {
						CreatedOnToolsVersion = 11.3.1;
					};
				};
			};
			buildConfigurationList = 3A2BE85223EB14410040E1AC /* Build configuration list for PBXProject "todolist" */;
			compatibilityVersion = "Xcode 9.3";
			developmentRegion = en;
			hasScannedForEncodings = 0;
			knownRegions = (
				en,
				Base,
			);
			mainGroup = 3A2BE84E23EB14410040E1AC;
			productRefGroup = 3A2BE85823EB14410040E1AC /* Products */;
			projectDirPath = "";
			projectRoot = "";
			targets = (
				3A2BE85623EB14410040E1AC /* todolist */,
			);
		};
/* End PBXProject section */

/* Begin PBXResourcesBuildPhase section */
		3A2BE85523EB14410040E1AC /* Resources */ = {
			isa = PBXResourcesBuildPhase;
			buildActionMask = 2147483647;
			files = (
				3A2BE86723EB14420040E1AC /* LaunchScreen.storyboard in Resources */,
				3A2BE86423EB14420040E1AC /* Assets.xcassets in Resources */,
				3A2BE86223EB14410040E1AC /* Main.storyboard in Resources */,
			);
			runOnlyForDeploymentPostprocessing = 0;
		};
/* End PBXResourcesBuildPhase section */

/* Begin PBXSourcesBuildPhase section */
		3A2BE85323EB14410040E1AC /* Sources */ = {
			isa = PBXSourcesBuildPhase;
			buildActionMask = 2147483647;
			files = (
				3A512E4923F0C04100E26736 /* todoItem.swift in Sources */,
				3A2BE86F23EB4D220040E1AC /* TodoListViewController.swift in Sources */,
				3A2BE85B23EB14410040E1AC /* AppDelegate.swift in Sources */,
				3A2BE87123EC5F130040E1AC /* TODODETAILSTableViewController.swift in Sources */,
				3A2BE85D23EB14410040E1AC /* SceneDelegate.swift in Sources */,
				3A325F23240771E2007FB46F /* ListTableViewCell.swift in Sources */,
			);
			runOnlyForDeploymentPostprocessing = 0;
		};
/* End PBXSourcesBuildPhase section */

/* Begin PBXVariantGroup section */
		3A2BE86023EB14410040E1AC /* Main.storyboard */ = {
			isa = PBXVariantGroup;
			children = (
				3A2BE86123EB14410040E1AC /* Base */,
			);
			name = Main.storyboard;
			sourceTree = "<group>";
		};
		3A2BE86523EB14420040E1AC /* LaunchScreen.storyboard */ = {
			isa = PBXVariantGroup;
			children = (
				3A2BE86623EB14420040E1AC /* Base */,
			);
			name = LaunchScreen.storyboard;
			sourceTree = "<group>";
		};
/* End PBXVariantGroup section */

/* Begin XCBuildConfiguration section */
		3A2BE86923EB14420040E1AC /* Debug */ = {
			isa = XCBuildConfiguration;
			buildSettings = {
				ALWAYS_SEARCH_USER_PATHS = NO;
				CLANG_ANALYZER_NONNULL = YES;
				CLANG_ANALYZER_NUMBER_OBJECT_CONVERSION = YES_AGGRESSIVE;
				CLANG_CXX_LANGUAGE_STANDARD = "gnu++14";
				CLANG_CXX_LIBRARY = "libc++";
				CLANG_ENABLE_MODULES = YES;
				CLANG_ENABLE_OBJC_ARC = YES;
				CLANG_ENABLE_OBJC_WEAK = YES;
				CLANG_WARN_BLOCK_CAPTURE_AUTORELEASING = YES;
				CLANG_WARN_BOOL_CONVERSION = YES;
				CLANG_WARN_COMMA = YES;
				CLANG_WARN_CONSTANT_CONVERSION = YES;
				CLANG_WARN_DEPRECATED_OBJC_IMPLEMENTATIONS = YES;
				CLANG_WARN_DIRECT_OBJC_ISA_USAGE = YES_ERROR;
				CLANG_WARN_DOCUMENTATION_COMMENTS = YES;
				CLANG_WARN_EMPTY_BODY = YES;
				CLANG_WARN_ENUM_CONVERSION = YES;
				CLANG_WARN_INFINITE_RECURSION = YES;
				CLANG_WARN_INT_CONVERSION = YES;
				CLANG_WARN_NON_LITERAL_NULL_CONVERSION = YES;
				CLANG_WARN_OBJC_IMPLICIT_RETAIN_SELF = YES;
				CLANG_WARN_OBJC_LITERAL_CONVERSION = YES;
				CLANG_WARN_OBJC_ROOT_CLASS = YES_ERROR;
				CLANG_WARN_RANGE_LOOP_ANALYSIS = YES;
				CLANG_WARN_STRICT_PROTOTYPES = YES;
				CLANG_WARN_SUSPICIOUS_MOVE = YES;
				CLANG_WARN_UNGUARDED_AVAILABILITY = YES_AGGRESSIVE;
				CLANG_WARN_UNREACHABLE_CODE = YES;
				CLANG_WARN__DUPLICATE_METHOD_MATCH = YES;
				COPY_PHASE_STRIP = NO;
				DEBUG_INFORMATION_FORMAT = dwarf;
				ENABLE_STRICT_OBJC_MSGSEND = YES;
				ENABLE_TESTABILITY = YES;
				GCC_C_LANGUAGE_STANDARD = gnu11;
				GCC_DYNAMIC_NO_PIC = NO;
				GCC_NO_COMMON_BLOCKS = YES;
				GCC_OPTIMIZATION_LEVEL = 0;
				GCC_PREPROCESSOR_DEFINITIONS = (
					"DEBUG=1",
					"$(inherited)",
				);
				GCC_WARN_64_TO_32_BIT_CONVERSION = YES;
				GCC_WARN_ABOUT_RETURN_TYPE = YES_ERROR;
				GCC_WARN_UNDECLARED_SELECTOR = YES;
				GCC_WARN_UNINITIALIZED_AUTOS = YES_AGGRESSIVE;
				GCC_WARN_UNUSED_FUNCTION = YES;
				GCC_WARN_UNUSED_VARIABLE = YES;
				IPHONEOS_DEPLOYMENT_TARGET = 13.2;
				MTL_ENABLE_DEBUG_INFO = INCLUDE_SOURCE;
				MTL_FAST_MATH = YES;
				ONLY_ACTIVE_ARCH = YES;
				SDKROOT = iphoneos;
				SWIFT_ACTIVE_COMPILATION_CONDITIONS = DEBUG;
				SWIFT_OPTIMIZATION_LEVEL = "-Onone";
			};
			name = Debug;
		};
		3A2BE86A23EB14420040E1AC /* Release */ = {
			isa = XCBuildConfiguration;
			buildSettings = {
				ALWAYS_SEARCH_USER_PATHS = NO;
				CLANG_ANALYZER_NONNULL = YES;
				CLANG_ANALYZER_NUMBER_OBJECT_CONVERSION = YES_AGGRESSIVE;
				CLANG_CXX_LANGUAGE_STANDARD = "gnu++14";
				CLANG_CXX_LIBRARY = "libc++";
				CLANG_ENABLE_MODULES = YES;
				CLANG_ENABLE_OBJC_ARC = YES;
				CLANG_ENABLE_OBJC_WEAK = YES;
				CLANG_WARN_BLOCK_CAPTURE_AUTORELEASING = YES;
				CLANG_WARN_BOOL_CONVERSION = YES;
				CLANG_WARN_COMMA = YES;
				CLANG_WARN_CONSTANT_CONVERSION = YES;
				CLANG_WARN_DEPRECATED_OBJC_IMPLEMENTATIONS = YES;
				CLANG_WARN_DIRECT_OBJC_ISA_USAGE = YES_ERROR;
				CLANG_WARN_DOCUMENTATION_COMMENTS = YES;
				CLANG_WARN_EMPTY_BODY = YES;
				CLANG_WARN_ENUM_CONVERSION = YES;
				CLANG_WARN_INFINITE_RECURSION = YES;
				CLANG_WARN_INT_CONVERSION = YES;
				CLANG_WARN_NON_LITERAL_NULL_CONVERSION = YES;
				CLANG_WARN_OBJC_IMPLICIT_RETAIN_SELF = YES;
				CLANG_WARN_OBJC_LITERAL_CONVERSION = YES;
				CLANG_WARN_OBJC_ROOT_CLASS = YES_ERROR;
				CLANG_WARN_RANGE_LOOP_ANALYSIS = YES;
				CLANG_WARN_STRICT_PROTOTYPES = YES;
				CLANG_WARN_SUSPICIOUS_MOVE = YES;
				CLANG_WARN_UNGUARDED_AVAILABILITY = YES_AGGRESSIVE;
				CLANG_WARN_UNREACHABLE_CODE = YES;
				CLANG_WARN__DUPLICATE_METHOD_MATCH = YES;
				COPY_PHASE_STRIP = NO;
				DEBUG_INFORMATION_FORMAT = "dwarf-with-dsym";
				ENABLE_NS_ASSERTIONS = NO;
				ENABLE_STRICT_OBJC_MSGSEND = YES;
				GCC_C_LANGUAGE_STANDARD = gnu11;
				GCC_NO_COMMON_BLOCKS = YES;
				GCC_WARN_64_TO_32_BIT_CONVERSION = YES;
				GCC_WARN_ABOUT_RETURN_TYPE = YES_ERROR;
				GCC_WARN_UNDECLARED_SELECTOR = YES;
				GCC_WARN_UNINITIALIZED_AUTOS = YES_AGGRESSIVE;
				GCC_WARN_UNUSED_FUNCTION = YES;
				GCC_WARN_UNUSED_VARIABLE = YES;
				IPHONEOS_DEPLOYMENT_TARGET = 13.2;
				MTL_ENABLE_DEBUG_INFO = NO;
				MTL_FAST_MATH = YES;
				SDKROOT = iphoneos;
				SWIFT_COMPILATION_MODE = wholemodule;
				SWIFT_OPTIMIZATION_LEVEL = "-O";
				VALIDATE_PRODUCT = YES;
			};
			name = Release;
		};
		3A2BE86C23EB14420040E1AC /* Debug */ = {
			isa = XCBuildConfiguration;
			buildSettings = {
				ASSETCATALOG_COMPILER_APPICON_NAME = AppIcon;
				CODE_SIGN_STYLE = Automatic;
				INFOPLIST_FILE = todolist/Info.plist;
				LD_RUNPATH_SEARCH_PATHS = (
					"$(inherited)",
					"@executable_path/Frameworks",
				);
				PRODUCT_BUNDLE_IDENTIFIER = "Huiyi-Victoria-Lyu.todolist";
				PRODUCT_NAME = "$(TARGET_NAME)";
				SWIFT_VERSION = 5.0;
				TARGETED_DEVICE_FAMILY = "1,2";
			};
			name = Debug;
		};
		3A2BE86D23EB14420040E1AC /* Release */ = {
			isa = XCBuildConfiguration;
			buildSettings = {
				ASSETCATALOG_COMPILER_APPICON_NAME = AppIcon;
				CODE_SIGN_STYLE = Automatic;
				INFOPLIST_FILE = todolist/Info.plist;
				LD_RUNPATH_SEARCH_PATHS = (
					"$(inherited)",
					"@executable_path/Frameworks",
				);
				PRODUCT_BUNDLE_IDENTIFIER = "Huiyi-Victoria-Lyu.todolist";
				PRODUCT_NAME = "$(TARGET_NAME)";
				SWIFT_VERSION = 5.0;
				TARGETED_DEVICE_FAMILY = "1,2";
			};
			name = Release;
		};
/* End XCBuildConfiguration section */

/* Begin XCConfigurationList section */
		3A2BE85223EB14410040E1AC /* Build configuration list for PBXProject "todolist" */ = {
			isa = XCConfigurationList;
			buildConfigurations = (
				3A2BE86923EB14420040E1AC /* Debug */,
				3A2BE86A23EB14420040E1AC /* Release */,
			);
			defaultConfigurationIsVisible = 0;
			defaultConfigurationName = Release;
		};
		3A2BE86B23EB14420040E1AC /* Build configuration list for PBXNativeTarget "todolist" */ = {
			isa = XCConfigurationList;
			buildConfigurations = (
				3A2BE86C23EB14420040E1AC /* Debug */,
				3A2BE86D23EB14420040E1AC /* Release */,
			);
			defaultConfigurationIsVisible = 0;
			defaultConfigurationName = Release;
		};
/* End XCConfigurationList section */
	};
	rootObject = 3A2BE84F23EB14410040E1AC /* Project object */;
}
